
Microsoft Visual Studio Solution File, Format Version 12.00
# Visual Studio 15
VisualStudioVersion = 15.0.28307.271
MinimumVisualStudioVersion = 10.0.40219.1
Project("{FAE04EC0-301F-11D3-BF4B-00C04F79EFBC}") = "SheetCut", "SheetCut\SheetCut.csproj", "{C16FFD0A-2464-4C76-B0E3-FB45F4C4D267}"
EndProject
Global
	GlobalSection(SolutionConfigurationPlatforms) = preSolution
		Debug|Any CPU = Debug|Any CPU
		Release|Any CPU = Release|Any CPU
	EndGlobalSection
	GlobalSection(ProjectConfigurationPlatforms) = postSolution
		{C16FFD0A-2464-4C76-B0E3-FB45F4C4D267}.Debug|Any CPU.ActiveCfg = Debug|Any CPU
		{C16FFD0A-2464-4C76-B0E3-FB45F4C4D267}.Debug|Any CPU.Build.0 = Debug|Any CPU
		{C16FFD0A-2464-4C76-B0E3-FB45F4C4D267}.Release|Any CPU.ActiveCfg = Release|Any CPU
		{C16FFD0A-2464-4C76-B0E3-FB45F4C4D267}.Release|Any CPU.Build.0 = Release|Any CPU
	EndGlobalSection
	GlobalSection(SolutionProperties) = preSolution
		HideSolutionNode = FALSE
	EndGlobalSection
	GlobalSection(ExtensibilityGlobals) = postSolution
		SolutionGuid = {9CAB01E7-C5D7-4C63-9B90-BE38F7AD1349}
	EndGlobalSection
EndGlobal
